
Microsoft Visual Studio Solution File, Format Version 11.00
# Visual Studio 2010
Project("{FAE04EC0-301F-11D3-BF4B-00C04F79EFBC}") = "Rokort_Android", "Rokort_Android.csproj", "{B306CA5F-2D9D-4608-9DC1-27CEA10F85D0}"
EndProject
Global
	GlobalSection(SolutionConfigurationPlatforms) = preSolution
		Debug|Any CPU = Debug|Any CPU
		Release|Any CPU = Release|Any CPU
	EndGlobalSection
	GlobalSection(ProjectConfigurationPlatforms) = postSolution
		{B306CA5F-2D9D-4608-9DC1-27CEA10F85D0}.Debug|Any CPU.ActiveCfg = Debug|Any CPU
		{B306CA5F-2D9D-4608-9DC1-27CEA10F85D0}.Debug|Any CPU.Build.0 = Debug|Any CPU
		{B306CA5F-2D9D-4608-9DC1-27CEA10F85D0}.Release|Any CPU.ActiveCfg = Release|Any CPU
		{B306CA5F-2D9D-4608-9DC1-27CEA10F85D0}.Release|Any CPU.Build.0 = Release|Any CPU
	EndGlobalSection
	GlobalSection(MonoDevelopProperties) = preSolution
		StartupItem = Rokort_Android.csproj
	EndGlobalSection
EndGlobal
